
Microsoft Visual Studio Solution File, Format Version 12.00
# Visual Studio 14
VisualStudioVersion = 14.0.25420.1
MinimumVisualStudioVersion = 10.0.40219.1
Project("{FAE04EC0-301F-11D3-BF4B-00C04F79EFBC}") = "InfoFrame.Controls", "InfoFrame.Controls\InfoFrame.Controls\InfoFrame.Controls.csproj", "{BA7D742A-0338-4C50-9BE5-9CA5DF7D8376}"
EndProject
Project("{FAE04EC0-301F-11D3-BF4B-00C04F79EFBC}") = "InfoFrame.Controls.Droid", "InfoFrame.Controls\InfoFrame.Controls.Droid\InfoFrame.Controls.Droid.csproj", "{B5F627C2-3713-47AA-B3AF-C2543EE38FCC}"
EndProject
Project("{FAE04EC0-301F-11D3-BF4B-00C04F79EFBC}") = "InfoFrame.Controls.iOS", "InfoFrame.Controls\InfoFrame.Controls.iOS\InfoFrame.Controls.iOS.csproj", "{7993D673-3697-4799-B7CD-EA6DCB6A314B}"
EndProject
Project("{FAE04EC0-301F-11D3-BF4B-00C04F79EFBC}") = "InfoFrame.Controls.WinPhone", "InfoFrame.Controls\InfoFrame.Controls.WinPhone\InfoFrame.Controls.WinPhone.csproj", "{25AA79BB-ABB3-4705-828C-5CBB6491BDB7}"
EndProject
Project("{FAE04EC0-301F-11D3-BF4B-00C04F79EFBC}") = "InfoFrame.Controls.UWP", "InfoFrame.Controls\InfoFrame.Controls.UWP\InfoFrame.Controls.UWP.csproj", "{57C0122E-7F83-419F-8DE9-F2361DA4A91D}"
EndProject
Project("{FAE04EC0-301F-11D3-BF4B-00C04F79EFBC}") = "InfoFrame.Controls.Windows", "InfoFrame.Controls\InfoFrame.Controls.Windows\InfoFrame.Controls.Windows.csproj", "{61ED532A-8451-4AEF-AB6E-824A5E9E7A2F}"
EndProject
Global
	GlobalSection(SolutionConfigurationPlatforms) = preSolution
		Ad-Hoc|Any CPU = Ad-Hoc|Any CPU
		Ad-Hoc|ARM = Ad-Hoc|ARM
		Ad-Hoc|iPhone = Ad-Hoc|iPhone
		Ad-Hoc|iPhoneSimulator = Ad-Hoc|iPhoneSimulator
		Ad-Hoc|x64 = Ad-Hoc|x64
		Ad-Hoc|x86 = Ad-Hoc|x86
		AppStore|Any CPU = AppStore|Any CPU
		AppStore|ARM = AppStore|ARM
		AppStore|iPhone = AppStore|iPhone
		AppStore|iPhoneSimulator = AppStore|iPhoneSimulator
		AppStore|x64 = AppStore|x64
		AppStore|x86 = AppStore|x86
		Debug|Any CPU = Debug|Any CPU
		Debug|ARM = Debug|ARM
		Debug|iPhone = Debug|iPhone
		Debug|iPhoneSimulator = Debug|iPhoneSimulator
		Debug|x64 = Debug|x64
		Debug|x86 = Debug|x86
		Release|Any CPU = Release|Any CPU
		Release|ARM = Release|ARM
		Release|iPhone = Release|iPhone
		Release|iPhoneSimulator = Release|iPhoneSimulator
		Release|x64 = Release|x64
		Release|x86 = Release|x86
	EndGlobalSection
	GlobalSection(ProjectConfigurationPlatforms) = postSolution
		{BA7D742A-0338-4C50-9BE5-9CA5DF7D8376}.Ad-Hoc|Any CPU.ActiveCfg = Release|Any CPU
		{BA7D742A-0338-4C50-9BE5-9CA5DF7D8376}.Ad-Hoc|Any CPU.Build.0 = Release|Any CPU
		{BA7D742A-0338-4C50-9BE5-9CA5DF7D8376}.Ad-Hoc|ARM.ActiveCfg = Release|Any CPU
		{BA7D742A-0338-4C50-9BE5-9CA5DF7D8376}.Ad-Hoc|ARM.Build.0 = Release|Any CPU
		{BA7D742A-0338-4C50-9BE5-9CA5DF7D8376}.Ad-Hoc|iPhone.ActiveCfg = Release|Any CPU
		{BA7D742A-0338-4C50-9BE5-9CA5DF7D8376}.Ad-Hoc|iPhone.Build.0 = Release|Any CPU
		{BA7D742A-0338-4C50-9BE5-9CA5DF7D8376}.Ad-Hoc|iPhoneSimulator.ActiveCfg = Release|Any CPU
		{BA7D742A-0338-4C50-9BE5-9CA5DF7D8376}.Ad-Hoc|iPhoneSimulator.Build.0 = Release|Any CPU
		{BA7D742A-0338-4C50-9BE5-9CA5DF7D8376}.Ad-Hoc|x64.ActiveCfg = Release|Any CPU
		{BA7D742A-0338-4C50-9BE5-9CA5DF7D8376}.Ad-Hoc|x64.Build.0 = Release|Any CPU
		{BA7D742A-0338-4C50-9BE5-9CA5DF7D8376}.Ad-Hoc|x86.ActiveCfg = Release|Any CPU
		{BA7D742A-0338-4C50-9BE5-9CA5DF7D8376}.Ad-Hoc|x86.Build.0 = Release|Any CPU
		{BA7D742A-0338-4C50-9BE5-9CA5DF7D8376}.AppStore|Any CPU.ActiveCfg = Release|Any CPU
		{BA7D742A-0338-4C50-9BE5-9CA5DF7D8376}.AppStore|Any CPU.Build.0 = Release|Any CPU
		{BA7D742A-0338-4C50-9BE5-9CA5DF7D8376}.AppStore|ARM.ActiveCfg = Release|Any CPU
		{BA7D742A-0338-4C50-9BE5-9CA5DF7D8376}.AppStore|ARM.Build.0 = Release|Any CPU
		{BA7D742A-0338-4C50-9BE5-9CA5DF7D8376}.AppStore|iPhone.ActiveCfg = Release|Any CPU
		{BA7D742A-0338-4C50-9BE5-9CA5DF7D8376}.AppStore|iPhone.Build.0 = Release|Any CPU
		{BA7D742A-0338-4C50-9BE5-9CA5DF7D8376}.AppStore|iPhoneSimulator.ActiveCfg = Release|Any CPU
		{BA7D742A-0338-4C50-9BE5-9CA5DF7D8376}.AppStore|iPhoneSimulator.Build.0 = Release|Any CPU
		{BA7D742A-0338-4C50-9BE5-9CA5DF7D8376}.AppStore|x64.ActiveCfg = Release|Any CPU
		{BA7D742A-0338-4C50-9BE5-9CA5DF7D8376}.AppStore|x64.Build.0 = Release|Any CPU
		{BA7D742A-0338-4C50-9BE5-9CA5DF7D8376}.AppStore|x86.ActiveCfg = Release|Any CPU
		{BA7D742A-0338-4C50-9BE5-9CA5DF7D8376}.AppStore|x86.Build.0 = Release|Any CPU
		{BA7D742A-0338-4C50-9BE5-9CA5DF7D8376}.Debug|Any CPU.ActiveCfg = Debug|Any CPU
		{BA7D742A-0338-4C50-9BE5-9CA5DF7D8376}.Debug|Any CPU.Build.0 = Debug|Any CPU
		{BA7D742A-0338-4C50-9BE5-9CA5DF7D8376}.Debug|ARM.ActiveCfg = Debug|Any CPU
		{BA7D742A-0338-4C50-9BE5-9CA5DF7D8376}.Debug|ARM.Build.0 = Debug|Any CPU
		{BA7D742A-0338-4C50-9BE5-9CA5DF7D8376}.Debug|iPhone.ActiveCfg = Debug|Any CPU
		{BA7D742A-0338-4C50-9BE5-9CA5DF7D8376}.Debug|iPhone.Build.0 = Debug|Any CPU
		{BA7D742A-0338-4C50-9BE5-9CA5DF7D8376}.Debug|iPhoneSimulator.ActiveCfg = Debug|Any CPU
		{BA7D742A-0338-4C50-9BE5-9CA5DF7D8376}.Debug|iPhoneSimulator.Build.0 = Debug|Any CPU
		{BA7D742A-0338-4C50-9BE5-9CA5DF7D8376}.Debug|x64.ActiveCfg = Debug|Any CPU
		{BA7D742A-0338-4C50-9BE5-9CA5DF7D8376}.Debug|x64.Build.0 = Debug|Any CPU
		{BA7D742A-0338-4C50-9BE5-9CA5DF7D8376}.Debug|x86.ActiveCfg = Debug|Any CPU
		{BA7D742A-0338-4C50-9BE5-9CA5DF7D8376}.Debug|x86.Build.0 = Debug|Any CPU
		{BA7D742A-0338-4C50-9BE5-9CA5DF7D8376}.Release|Any CPU.ActiveCfg = Release|Any CPU
		{BA7D742A-0338-4C50-9BE5-9CA5DF7D8376}.Release|Any CPU.Build.0 = Release|Any CPU
		{BA7D742A-0338-4C50-9BE5-9CA5DF7D8376}.Release|ARM.ActiveCfg = Release|Any CPU
		{BA7D742A-0338-4C50-9BE5-9CA5DF7D8376}.Release|ARM.Build.0 = Release|Any CPU
		{BA7D742A-0338-4C50-9BE5-9CA5DF7D8376}.Release|iPhone.ActiveCfg = Release|Any CPU
		{BA7D742A-0338-4C50-9BE5-9CA5DF7D8376}.Release|iPhone.Build.0 = Release|Any CPU
		{BA7D742A-0338-4C50-9BE5-9CA5DF7D8376}.Release|iPhoneSimulator.ActiveCfg = Release|Any CPU
		{BA7D742A-0338-4C50-9BE5-9CA5DF7D8376}.Release|iPhoneSimulator.Build.0 = Release|Any CPU
		{BA7D742A-0338-4C50-9BE5-9CA5DF7D8376}.Release|x64.ActiveCfg = Release|Any CPU
		{BA7D742A-0338-4C50-9BE5-9CA5DF7D8376}.Release|x64.Build.0 = Release|Any CPU
		{BA7D742A-0338-4C50-9BE5-9CA5DF7D8376}.Release|x86.ActiveCfg = Release|Any CPU
		{BA7D742A-0338-4C50-9BE5-9CA5DF7D8376}.Release|x86.Build.0 = Release|Any CPU
		{B5F627C2-3713-47AA-B3AF-C2543EE38FCC}.Ad-Hoc|Any CPU.ActiveCfg = Release|Any CPU
		{B5F627C2-3713-47AA-B3AF-C2543EE38FCC}.Ad-Hoc|Any CPU.Build.0 = Release|Any CPU
		{B5F627C2-3713-47AA-B3AF-C2543EE38FCC}.Ad-Hoc|Any CPU.Deploy.0 = Release|Any CPU
		{B5F627C2-3713-47AA-B3AF-C2543EE38FCC}.Ad-Hoc|ARM.ActiveCfg = Release|Any CPU
		{B5F627C2-3713-47AA-B3AF-C2543EE38FCC}.Ad-Hoc|ARM.Build.0 = Release|Any CPU
		{B5F627C2-3713-47AA-B3AF-C2543EE38FCC}.Ad-Hoc|ARM.Deploy.0 = Release|Any CPU
		{B5F627C2-3713-47AA-B3AF-C2543EE38FCC}.Ad-Hoc|iPhone.ActiveCfg = Release|Any CPU
		{B5F627C2-3713-47AA-B3AF-C2543EE38FCC}.Ad-Hoc|iPhone.Build.0 = Release|Any CPU
		{B5F627C2-3713-47AA-B3AF-C2543EE38FCC}.Ad-Hoc|iPhone.Deploy.0 = Release|Any CPU
		{B5F627C2-3713-47AA-B3AF-C2543EE38FCC}.Ad-Hoc|iPhoneSimulator.ActiveCfg = Release|Any CPU
		{B5F627C2-3713-47AA-B3AF-C2543EE38FCC}.Ad-Hoc|iPhoneSimulator.Build.0 = Release|Any CPU
		{B5F627C2-3713-47AA-B3AF-C2543EE38FCC}.Ad-Hoc|iPhoneSimulator.Deploy.0 = Release|Any CPU
		{B5F627C2-3713-47AA-B3AF-C2543EE38FCC}.Ad-Hoc|x64.ActiveCfg = Release|Any CPU
		{B5F627C2-3713-47AA-B3AF-C2543EE38FCC}.Ad-Hoc|x64.Build.0 = Release|Any CPU
		{B5F627C2-3713-47AA-B3AF-C2543EE38FCC}.Ad-Hoc|x64.Deploy.0 = Release|Any CPU
		{B5F627C2-3713-47AA-B3AF-C2543EE38FCC}.Ad-Hoc|x86.ActiveCfg = Release|Any CPU
		{B5F627C2-3713-47AA-B3AF-C2543EE38FCC}.Ad-Hoc|x86.Build.0 = Release|Any CPU
		{B5F627C2-3713-47AA-B3AF-C2543EE38FCC}.Ad-Hoc|x86.Deploy.0 = Release|Any CPU
		{B5F627C2-3713-47AA-B3AF-C2543EE38FCC}.AppStore|Any CPU.ActiveCfg = Release|Any CPU
		{B5F627C2-3713-47AA-B3AF-C2543EE38FCC}.AppStore|Any CPU.Build.0 = Release|Any CPU
		{B5F627C2-3713-47AA-B3AF-C2543EE38FCC}.AppStore|Any CPU.Deploy.0 = Release|Any CPU
		{B5F627C2-3713-47AA-B3AF-C2543EE38FCC}.AppStore|ARM.ActiveCfg = Release|Any CPU
		{B5F627C2-3713-47AA-B3AF-C2543EE38FCC}.AppStore|ARM.Build.0 = Release|Any CPU
		{B5F627C2-3713-47AA-B3AF-C2543EE38FCC}.AppStore|ARM.Deploy.0 = Release|Any CPU
		{B5F627C2-3713-47AA-B3AF-C2543EE38FCC}.AppStore|iPhone.ActiveCfg = Release|Any CPU
		{B5F627C2-3713-47AA-B3AF-C2543EE38FCC}.AppStore|iPhone.Build.0 = Release|Any CPU
		{B5F627C2-3713-47AA-B3AF-C2543EE38FCC}.AppStore|iPhone.Deploy.0 = Release|Any CPU
		{B5F627C2-3713-47AA-B3AF-C2543EE38FCC}.AppStore|iPhoneSimulator.ActiveCfg = Release|Any CPU
		{B5F627C2-3713-47AA-B3AF-C2543EE38FCC}.AppStore|iPhoneSimulator.Build.0 = Release|Any CPU
		{B5F627C2-3713-47AA-B3AF-C2543EE38FCC}.AppStore|iPhoneSimulator.Deploy.0 = Release|Any CPU
		{B5F627C2-3713-47AA-B3AF-C2543EE38FCC}.AppStore|x64.ActiveCfg = Release|Any CPU
		{B5F627C2-3713-47AA-B3AF-C2543EE38FCC}.AppStore|x64.Build.0 = Release|Any CPU
		{B5F627C2-3713-47AA-B3AF-C2543EE38FCC}.AppStore|x64.Deploy.0 = Release|Any CPU
		{B5F627C2-3713-47AA-B3AF-C2543EE38FCC}.AppStore|x86.ActiveCfg = Release|Any CPU
		{B5F627C2-3713-47AA-B3AF-C2543EE38FCC}.AppStore|x86.Build.0 = Release|Any CPU
		{B5F627C2-3713-47AA-B3AF-C2543EE38FCC}.AppStore|x86.Deploy.0 = Release|Any CPU
		{B5F627C2-3713-47AA-B3AF-C2543EE38FCC}.Debug|Any CPU.ActiveCfg = Debug|Any CPU
		{B5F627C2-3713-47AA-B3AF-C2543EE38FCC}.Debug|Any CPU.Build.0 = Debug|Any CPU
		{B5F627C2-3713-47AA-B3AF-C2543EE38FCC}.Debug|Any CPU.Deploy.0 = Debug|Any CPU
		{B5F627C2-3713-47AA-B3AF-C2543EE38FCC}.Debug|ARM.ActiveCfg = Debug|Any CPU
		{B5F627C2-3713-47AA-B3AF-C2543EE38FCC}.Debug|ARM.Build.0 = Debug|Any CPU
		{B5F627C2-3713-47AA-B3AF-C2543EE38FCC}.Debug|ARM.Deploy.0 = Debug|Any CPU
		{B5F627C2-3713-47AA-B3AF-C2543EE38FCC}.Debug|iPhone.ActiveCfg = Debug|Any CPU
		{B5F627C2-3713-47AA-B3AF-C2543EE38FCC}.Debug|iPhone.Build.0 = Debug|Any CPU
		{B5F627C2-3713-47AA-B3AF-C2543EE38FCC}.Debug|iPhone.Deploy.0 = Debug|Any CPU
		{B5F627C2-3713-47AA-B3AF-C2543EE38FCC}.Debug|iPhoneSimulator.ActiveCfg = Debug|Any CPU
		{B5F627C2-3713-47AA-B3AF-C2543EE38FCC}.Debug|iPhoneSimulator.Build.0 = Debug|Any CPU
		{B5F627C2-3713-47AA-B3AF-C2543EE38FCC}.Debug|iPhoneSimulator.Deploy.0 = Debug|Any CPU
		{B5F627C2-3713-47AA-B3AF-C2543EE38FCC}.Debug|x64.ActiveCfg = Debug|Any CPU
		{B5F627C2-3713-47AA-B3AF-C2543EE38FCC}.Debug|x64.Build.0 = Debug|Any CPU
		{B5F627C2-3713-47AA-B3AF-C2543EE38FCC}.Debug|x64.Deploy.0 = Debug|Any CPU
		{B5F627C2-3713-47AA-B3AF-C2543EE38FCC}.Debug|x86.ActiveCfg = Debug|Any CPU
		{B5F627C2-3713-47AA-B3AF-C2543EE38FCC}.Debug|x86.Build.0 = Debug|Any CPU
		{B5F627C2-3713-47AA-B3AF-C2543EE38FCC}.Debug|x86.Deploy.0 = Debug|Any CPU
		{B5F627C2-3713-47AA-B3AF-C2543EE38FCC}.Release|Any CPU.ActiveCfg = Release|Any CPU
		{B5F627C2-3713-47AA-B3AF-C2543EE38FCC}.Release|Any CPU.Build.0 = Release|Any CPU
		{B5F627C2-3713-47AA-B3AF-C2543EE38FCC}.Release|Any CPU.Deploy.0 = Release|Any CPU
		{B5F627C2-3713-47AA-B3AF-C2543EE38FCC}.Release|ARM.ActiveCfg = Release|Any CPU
		{B5F627C2-3713-47AA-B3AF-C2543EE38FCC}.Release|ARM.Build.0 = Release|Any CPU
		{B5F627C2-3713-47AA-B3AF-C2543EE38FCC}.Release|ARM.Deploy.0 = Release|Any CPU
		{B5F627C2-3713-47AA-B3AF-C2543EE38FCC}.Release|iPhone.ActiveCfg = Release|Any CPU
		{B5F627C2-3713-47AA-B3AF-C2543EE38FCC}.Release|iPhone.Build.0 = Release|Any CPU
		{B5F627C2-3713-47AA-B3AF-C2543EE38FCC}.Release|iPhone.Deploy.0 = Release|Any CPU
		{B5F627C2-3713-47AA-B3AF-C2543EE38FCC}.Release|iPhoneSimulator.ActiveCfg = Release|Any CPU
		{B5F627C2-3713-47AA-B3AF-C2543EE38FCC}.Release|iPhoneSimulator.Build.0 = Release|Any CPU
		{B5F627C2-3713-47AA-B3AF-C2543EE38FCC}.Release|iPhoneSimulator.Deploy.0 = Release|Any CPU
		{B5F627C2-3713-47AA-B3AF-C2543EE38FCC}.Release|x64.ActiveCfg = Release|Any CPU
		{B5F627C2-3713-47AA-B3AF-C2543EE38FCC}.Release|x64.Build.0 = Release|Any CPU
		{B5F627C2-3713-47AA-B3AF-C2543EE38FCC}.Release|x64.Deploy.0 = Release|Any CPU
		{B5F627C2-3713-47AA-B3AF-C2543EE38FCC}.Release|x86.ActiveCfg = Release|Any CPU
		{B5F627C2-3713-47AA-B3AF-C2543EE38FCC}.Release|x86.Build.0 = Release|Any CPU
		{B5F627C2-3713-47AA-B3AF-C2543EE38FCC}.Release|x86.Deploy.0 = Release|Any CPU
		{7993D673-3697-4799-B7CD-EA6DCB6A314B}.Ad-Hoc|Any CPU.ActiveCfg = Ad-Hoc|iPhone
		{7993D673-3697-4799-B7CD-EA6DCB6A314B}.Ad-Hoc|ARM.ActiveCfg = Ad-Hoc|iPhone
		{7993D673-3697-4799-B7CD-EA6DCB6A314B}.Ad-Hoc|iPhone.ActiveCfg = Ad-Hoc|iPhone
		{7993D673-3697-4799-B7CD-EA6DCB6A314B}.Ad-Hoc|iPhone.Build.0 = Ad-Hoc|iPhone
		{7993D673-3697-4799-B7CD-EA6DCB6A314B}.Ad-Hoc|iPhoneSimulator.ActiveCfg = Ad-Hoc|iPhoneSimulator
		{7993D673-3697-4799-B7CD-EA6DCB6A314B}.Ad-Hoc|iPhoneSimulator.Build.0 = Ad-Hoc|iPhoneSimulator
		{7993D673-3697-4799-B7CD-EA6DCB6A314B}.Ad-Hoc|x64.ActiveCfg = Ad-Hoc|iPhone
		{7993D673-3697-4799-B7CD-EA6DCB6A314B}.Ad-Hoc|x86.ActiveCfg = Ad-Hoc|iPhone
		{7993D673-3697-4799-B7CD-EA6DCB6A314B}.AppStore|Any CPU.ActiveCfg = AppStore|iPhone
		{7993D673-3697-4799-B7CD-EA6DCB6A314B}.AppStore|ARM.ActiveCfg = AppStore|iPhone
		{7993D673-3697-4799-B7CD-EA6DCB6A314B}.AppStore|iPhone.ActiveCfg = AppStore|iPhone
		{7993D673-3697-4799-B7CD-EA6DCB6A314B}.AppStore|iPhone.Build.0 = AppStore|iPhone
		{7993D673-3697-4799-B7CD-EA6DCB6A314B}.AppStore|iPhoneSimulator.ActiveCfg = AppStore|iPhoneSimulator
		{7993D673-3697-4799-B7CD-EA6DCB6A314B}.AppStore|iPhoneSimulator.Build.0 = AppStore|iPhoneSimulator
		{7993D673-3697-4799-B7CD-EA6DCB6A314B}.AppStore|x64.ActiveCfg = AppStore|iPhone
		{7993D673-3697-4799-B7CD-EA6DCB6A314B}.AppStore|x86.ActiveCfg = AppStore|iPhone
		{7993D673-3697-4799-B7CD-EA6DCB6A314B}.Debug|Any CPU.ActiveCfg = Debug|iPhone
		{7993D673-3697-4799-B7CD-EA6DCB6A314B}.Debug|ARM.ActiveCfg = Debug|iPhone
		{7993D673-3697-4799-B7CD-EA6DCB6A314B}.Debug|iPhone.ActiveCfg = Debug|iPhone
		{7993D673-3697-4799-B7CD-EA6DCB6A314B}.Debug|iPhone.Build.0 = Debug|iPhone
		{7993D673-3697-4799-B7CD-EA6DCB6A314B}.Debug|iPhoneSimulator.ActiveCfg = Debug|iPhoneSimulator
		{7993D673-3697-4799-B7CD-EA6DCB6A314B}.Debug|iPhoneSimulator.Build.0 = Debug|iPhoneSimulator
		{7993D673-3697-4799-B7CD-EA6DCB6A314B}.Debug|x64.ActiveCfg = Debug|iPhone
		{7993D673-3697-4799-B7CD-EA6DCB6A314B}.Debug|x86.ActiveCfg = Debug|iPhone
		{7993D673-3697-4799-B7CD-EA6DCB6A314B}.Release|Any CPU.ActiveCfg = Release|iPhone
		{7993D673-3697-4799-B7CD-EA6DCB6A314B}.Release|ARM.ActiveCfg = Release|iPhone
		{7993D673-3697-4799-B7CD-EA6DCB6A314B}.Release|iPhone.ActiveCfg = Release|iPhone
		{7993D673-3697-4799-B7CD-EA6DCB6A314B}.Release|iPhone.Build.0 = Release|iPhone
		{7993D673-3697-4799-B7CD-EA6DCB6A314B}.Release|iPhoneSimulator.ActiveCfg = Release|iPhoneSimulator
		{7993D673-3697-4799-B7CD-EA6DCB6A314B}.Release|iPhoneSimulator.Build.0 = Release|iPhoneSimulator
		{7993D673-3697-4799-B7CD-EA6DCB6A314B}.Release|x64.ActiveCfg = Release|iPhone
		{7993D673-3697-4799-B7CD-EA6DCB6A314B}.Release|x86.ActiveCfg = Release|iPhone
		{25AA79BB-ABB3-4705-828C-5CBB6491BDB7}.Ad-Hoc|Any CPU.ActiveCfg = Release|Any CPU
		{25AA79BB-ABB3-4705-828C-5CBB6491BDB7}.Ad-Hoc|Any CPU.Build.0 = Release|Any CPU
		{25AA79BB-ABB3-4705-828C-5CBB6491BDB7}.Ad-Hoc|Any CPU.Deploy.0 = Release|Any CPU
		{25AA79BB-ABB3-4705-828C-5CBB6491BDB7}.Ad-Hoc|ARM.ActiveCfg = Release|ARM
		{25AA79BB-ABB3-4705-828C-5CBB6491BDB7}.Ad-Hoc|ARM.Build.0 = Release|ARM
		{25AA79BB-ABB3-4705-828C-5CBB6491BDB7}.Ad-Hoc|ARM.Deploy.0 = Release|ARM
		{25AA79BB-ABB3-4705-828C-5CBB6491BDB7}.Ad-Hoc|iPhone.ActiveCfg = Release|Any CPU
		{25AA79BB-ABB3-4705-828C-5CBB6491BDB7}.Ad-Hoc|iPhone.Build.0 = Release|Any CPU
		{25AA79BB-ABB3-4705-828C-5CBB6491BDB7}.Ad-Hoc|iPhone.Deploy.0 = Release|Any CPU
		{25AA79BB-ABB3-4705-828C-5CBB6491BDB7}.Ad-Hoc|iPhoneSimulator.ActiveCfg = Release|Any CPU
		{25AA79BB-ABB3-4705-828C-5CBB6491BDB7}.Ad-Hoc|iPhoneSimulator.Build.0 = Release|Any CPU
		{25AA79BB-ABB3-4705-828C-5CBB6491BDB7}.Ad-Hoc|iPhoneSimulator.Deploy.0 = Release|Any CPU
		{25AA79BB-ABB3-4705-828C-5CBB6491BDB7}.Ad-Hoc|x64.ActiveCfg = Release|Any CPU
		{25AA79BB-ABB3-4705-828C-5CBB6491BDB7}.Ad-Hoc|x64.Build.0 = Release|Any CPU
		{25AA79BB-ABB3-4705-828C-5CBB6491BDB7}.Ad-Hoc|x64.Deploy.0 = Release|Any CPU
		{25AA79BB-ABB3-4705-828C-5CBB6491BDB7}.Ad-Hoc|x86.ActiveCfg = Release|x86
		{25AA79BB-ABB3-4705-828C-5CBB6491BDB7}.Ad-Hoc|x86.Build.0 = Release|x86
		{25AA79BB-ABB3-4705-828C-5CBB6491BDB7}.Ad-Hoc|x86.Deploy.0 = Release|x86
		{25AA79BB-ABB3-4705-828C-5CBB6491BDB7}.AppStore|Any CPU.ActiveCfg = Release|Any CPU
		{25AA79BB-ABB3-4705-828C-5CBB6491BDB7}.AppStore|Any CPU.Build.0 = Release|Any CPU
		{25AA79BB-ABB3-4705-828C-5CBB6491BDB7}.AppStore|Any CPU.Deploy.0 = Release|Any CPU
		{25AA79BB-ABB3-4705-828C-5CBB6491BDB7}.AppStore|ARM.ActiveCfg = Release|ARM
		{25AA79BB-ABB3-4705-828C-5CBB6491BDB7}.AppStore|ARM.Build.0 = Release|ARM
		{25AA79BB-ABB3-4705-828C-5CBB6491BDB7}.AppStore|ARM.Deploy.0 = Release|ARM
		{25AA79BB-ABB3-4705-828C-5CBB6491BDB7}.AppStore|iPhone.ActiveCfg = Release|Any CPU
		{25AA79BB-ABB3-4705-828C-5CBB6491BDB7}.AppStore|iPhone.Build.0 = Release|Any CPU
		{25AA79BB-ABB3-4705-828C-5CBB6491BDB7}.AppStore|iPhone.Deploy.0 = Release|Any CPU
		{25AA79BB-ABB3-4705-828C-5CBB6491BDB7}.AppStore|iPhoneSimulator.ActiveCfg = Release|Any CPU
		{25AA79BB-ABB3-4705-828C-5CBB6491BDB7}.AppStore|iPhoneSimulator.Build.0 = Release|Any CPU
		{25AA79BB-ABB3-4705-828C-5CBB6491BDB7}.AppStore|iPhoneSimulator.Deploy.0 = Release|Any CPU
		{25AA79BB-ABB3-4705-828C-5CBB6491BDB7}.AppStore|x64.ActiveCfg = Release|Any CPU
		{25AA79BB-ABB3-4705-828C-5CBB6491BDB7}.AppStore|x64.Build.0 = Release|Any CPU
		{25AA79BB-ABB3-4705-828C-5CBB6491BDB7}.AppStore|x64.Deploy.0 = Release|Any CPU
		{25AA79BB-ABB3-4705-828C-5CBB6491BDB7}.AppStore|x86.ActiveCfg = Release|x86
		{25AA79BB-ABB3-4705-828C-5CBB6491BDB7}.AppStore|x86.Build.0 = Release|x86
		{25AA79BB-ABB3-4705-828C-5CBB6491BDB7}.AppStore|x86.Deploy.0 = Release|x86
		{25AA79BB-ABB3-4705-828C-5CBB6491BDB7}.Debug|Any CPU.ActiveCfg = Debug|Any CPU
		{25AA79BB-ABB3-4705-828C-5CBB6491BDB7}.Debug|Any CPU.Build.0 = Debug|Any CPU
		{25AA79BB-ABB3-4705-828C-5CBB6491BDB7}.Debug|Any CPU.Deploy.0 = Debug|Any CPU
		{25AA79BB-ABB3-4705-828C-5CBB6491BDB7}.Debug|ARM.ActiveCfg = Debug|ARM
		{25AA79BB-ABB3-4705-828C-5CBB6491BDB7}.Debug|ARM.Build.0 = Debug|ARM
		{25AA79BB-ABB3-4705-828C-5CBB6491BDB7}.Debug|ARM.Deploy.0 = Debug|ARM
		{25AA79BB-ABB3-4705-828C-5CBB6491BDB7}.Debug|iPhone.ActiveCfg = Debug|Any CPU
		{25AA79BB-ABB3-4705-828C-5CBB6491BDB7}.Debug|iPhone.Build.0 = Debug|Any CPU
		{25AA79BB-ABB3-4705-828C-5CBB6491BDB7}.Debug|iPhone.Deploy.0 = Debug|Any CPU
		{25AA79BB-ABB3-4705-828C-5CBB6491BDB7}.Debug|iPhoneSimulator.ActiveCfg = Debug|Any CPU
		{25AA79BB-ABB3-4705-828C-5CBB6491BDB7}.Debug|iPhoneSimulator.Build.0 = Debug|Any CPU
		{25AA79BB-ABB3-4705-828C-5CBB6491BDB7}.Debug|iPhoneSimulator.Deploy.0 = Debug|Any CPU
		{25AA79BB-ABB3-4705-828C-5CBB6491BDB7}.Debug|x64.ActiveCfg = Debug|Any CPU
		{25AA79BB-ABB3-4705-828C-5CBB6491BDB7}.Debug|x64.Build.0 = Debug|Any CPU
		{25AA79BB-ABB3-4705-828C-5CBB6491BDB7}.Debug|x64.Deploy.0 = Debug|Any CPU
		{25AA79BB-ABB3-4705-828C-5CBB6491BDB7}.Debug|x86.ActiveCfg = Debug|x86
		{25AA79BB-ABB3-4705-828C-5CBB6491BDB7}.Debug|x86.Build.0 = Debug|x86
		{25AA79BB-ABB3-4705-828C-5CBB6491BDB7}.Debug|x86.Deploy.0 = Debug|x86
		{25AA79BB-ABB3-4705-828C-5CBB6491BDB7}.Release|Any CPU.ActiveCfg = Release|Any CPU
		{25AA79BB-ABB3-4705-828C-5CBB6491BDB7}.Release|Any CPU.Build.0 = Release|Any CPU
		{25AA79BB-ABB3-4705-828C-5CBB6491BDB7}.Release|Any CPU.Deploy.0 = Release|Any CPU
		{25AA79BB-ABB3-4705-828C-5CBB6491BDB7}.Release|ARM.ActiveCfg = Release|ARM
		{25AA79BB-ABB3-4705-828C-5CBB6491BDB7}.Release|ARM.Build.0 = Release|ARM
		{25AA79BB-ABB3-4705-828C-5CBB6491BDB7}.Release|ARM.Deploy.0 = Release|ARM
		{25AA79BB-ABB3-4705-828C-5CBB6491BDB7}.Release|iPhone.ActiveCfg = Release|Any CPU
		{25AA79BB-ABB3-4705-828C-5CBB6491BDB7}.Release|iPhone.Build.0 = Release|Any CPU
		{25AA79BB-ABB3-4705-828C-5CBB6491BDB7}.Release|iPhone.Deploy.0 = Release|Any CPU
		{25AA79BB-ABB3-4705-828C-5CBB6491BDB7}.Release|iPhoneSimulator.ActiveCfg = Release|Any CPU
		{25AA79BB-ABB3-4705-828C-5CBB6491BDB7}.Release|iPhoneSimulator.Build.0 = Release|Any CPU
		{25AA79BB-ABB3-4705-828C-5CBB6491BDB7}.Release|iPhoneSimulator.Deploy.0 = Release|Any CPU
		{25AA79BB-ABB3-4705-828C-5CBB6491BDB7}.Release|x64.ActiveCfg = Release|Any CPU
		{25AA79BB-ABB3-4705-828C-5CBB6491BDB7}.Release|x64.Build.0 = Release|Any CPU
		{25AA79BB-ABB3-4705-828C-5CBB6491BDB7}.Release|x64.Deploy.0 = Release|Any CPU
		{25AA79BB-ABB3-4705-828C-5CBB6491BDB7}.Release|x86.ActiveCfg = Release|x86
		{25AA79BB-ABB3-4705-828C-5CBB6491BDB7}.Release|x86.Build.0 = Release|x86
		{25AA79BB-ABB3-4705-828C-5CBB6491BDB7}.Release|x86.Deploy.0 = Release|x86
		{57C0122E-7F83-419F-8DE9-F2361DA4A91D}.Ad-Hoc|Any CPU.ActiveCfg = Release|x86
		{57C0122E-7F83-419F-8DE9-F2361DA4A91D}.Ad-Hoc|Any CPU.Build.0 = Release|x86
		{57C0122E-7F83-419F-8DE9-F2361DA4A91D}.Ad-Hoc|Any CPU.Deploy.0 = Release|x86
		{57C0122E-7F83-419F-8DE9-F2361DA4A91D}.Ad-Hoc|ARM.ActiveCfg = Release|ARM
		{57C0122E-7F83-419F-8DE9-F2361DA4A91D}.Ad-Hoc|ARM.Build.0 = Release|ARM
		{57C0122E-7F83-419F-8DE9-F2361DA4A91D}.Ad-Hoc|ARM.Deploy.0 = Release|ARM
		{57C0122E-7F83-419F-8DE9-F2361DA4A91D}.Ad-Hoc|iPhone.ActiveCfg = Release|x86
		{57C0122E-7F83-419F-8DE9-F2361DA4A91D}.Ad-Hoc|iPhone.Build.0 = Release|x86
		{57C0122E-7F83-419F-8DE9-F2361DA4A91D}.Ad-Hoc|iPhone.Deploy.0 = Release|x86
		{57C0122E-7F83-419F-8DE9-F2361DA4A91D}.Ad-Hoc|iPhoneSimulator.ActiveCfg = Release|x86
		{57C0122E-7F83-419F-8DE9-F2361DA4A91D}.Ad-Hoc|iPhoneSimulator.Build.0 = Release|x86
		{57C0122E-7F83-419F-8DE9-F2361DA4A91D}.Ad-Hoc|iPhoneSimulator.Deploy.0 = Release|x86
		{57C0122E-7F83-419F-8DE9-F2361DA4A91D}.Ad-Hoc|x64.ActiveCfg = Release|x64
		{57C0122E-7F83-419F-8DE9-F2361DA4A91D}.Ad-Hoc|x64.Build.0 = Release|x64
		{57C0122E-7F83-419F-8DE9-F2361DA4A91D}.Ad-Hoc|x64.Deploy.0 = Release|x64
		{57C0122E-7F83-419F-8DE9-F2361DA4A91D}.Ad-Hoc|x86.ActiveCfg = Release|x86
		{57C0122E-7F83-419F-8DE9-F2361DA4A91D}.Ad-Hoc|x86.Build.0 = Release|x86
		{57C0122E-7F83-419F-8DE9-F2361DA4A91D}.Ad-Hoc|x86.Deploy.0 = Release|x86
		{57C0122E-7F83-419F-8DE9-F2361DA4A91D}.AppStore|Any CPU.ActiveCfg = Release|x86
		{57C0122E-7F83-419F-8DE9-F2361DA4A91D}.AppStore|Any CPU.Build.0 = Release|x86
		{57C0122E-7F83-419F-8DE9-F2361DA4A91D}.AppStore|Any CPU.Deploy.0 = Release|x86
		{57C0122E-7F83-419F-8DE9-F2361DA4A91D}.AppStore|ARM.ActiveCfg = Release|ARM
		{57C0122E-7F83-419F-8DE9-F2361DA4A91D}.AppStore|ARM.Build.0 = Release|ARM
		{57C0122E-7F83-419F-8DE9-F2361DA4A91D}.AppStore|ARM.Deploy.0 = Release|ARM
		{57C0122E-7F83-419F-8DE9-F2361DA4A91D}.AppStore|iPhone.ActiveCfg = Release|x86
		{57C0122E-7F83-419F-8DE9-F2361DA4A91D}.AppStore|iPhone.Build.0 = Release|x86
		{57C0122E-7F83-419F-8DE9-F2361DA4A91D}.AppStore|iPhone.Deploy.0 = Release|x86
		{57C0122E-7F83-419F-8DE9-F2361DA4A91D}.AppStore|iPhoneSimulator.ActiveCfg = Release|x86
		{57C0122E-7F83-419F-8DE9-F2361DA4A91D}.AppStore|iPhoneSimulator.Build.0 = Release|x86
		{57C0122E-7F83-419F-8DE9-F2361DA4A91D}.AppStore|iPhoneSimulator.Deploy.0 = Release|x86
		{57C0122E-7F83-419F-8DE9-F2361DA4A91D}.AppStore|x64.ActiveCfg = Release|x64
		{57C0122E-7F83-419F-8DE9-F2361DA4A91D}.AppStore|x64.Build.0 = Release|x64
		{57C0122E-7F83-419F-8DE9-F2361DA4A91D}.AppStore|x64.Deploy.0 = Release|x64
		{57C0122E-7F83-419F-8DE9-F2361DA4A91D}.AppStore|x86.ActiveCfg = Release|x86
		{57C0122E-7F83-419F-8DE9-F2361DA4A91D}.AppStore|x86.Build.0 = Release|x86
		{57C0122E-7F83-419F-8DE9-F2361DA4A91D}.AppStore|x86.Deploy.0 = Release|x86
		{57C0122E-7F83-419F-8DE9-F2361DA4A91D}.Debug|Any CPU.ActiveCfg = Debug|x86
		{57C0122E-7F83-419F-8DE9-F2361DA4A91D}.Debug|Any CPU.Deploy.0 = Debug|x86
		{57C0122E-7F83-419F-8DE9-F2361DA4A91D}.Debug|ARM.ActiveCfg = Debug|ARM
		{57C0122E-7F83-419F-8DE9-F2361DA4A91D}.Debug|ARM.Build.0 = Debug|ARM
		{57C0122E-7F83-419F-8DE9-F2361DA4A91D}.Debug|ARM.Deploy.0 = Debug|ARM
		{57C0122E-7F83-419F-8DE9-F2361DA4A91D}.Debug|iPhone.ActiveCfg = Debug|x86
		{57C0122E-7F83-419F-8DE9-F2361DA4A91D}.Debug|iPhoneSimulator.ActiveCfg = Debug|x86
		{57C0122E-7F83-419F-8DE9-F2361DA4A91D}.Debug|x64.ActiveCfg = Debug|x64
		{57C0122E-7F83-419F-8DE9-F2361DA4A91D}.Debug|x64.Build.0 = Debug|x64
		{57C0122E-7F83-419F-8DE9-F2361DA4A91D}.Debug|x64.Deploy.0 = Debug|x64
		{57C0122E-7F83-419F-8DE9-F2361DA4A91D}.Debug|x86.ActiveCfg = Debug|x86
		{57C0122E-7F83-419F-8DE9-F2361DA4A91D}.Debug|x86.Build.0 = Debug|x86
		{57C0122E-7F83-419F-8DE9-F2361DA4A91D}.Debug|x86.Deploy.0 = Debug|x86
		{57C0122E-7F83-419F-8DE9-F2361DA4A91D}.Release|Any CPU.ActiveCfg = Release|x86
		{57C0122E-7F83-419F-8DE9-F2361DA4A91D}.Release|ARM.ActiveCfg = Release|ARM
		{57C0122E-7F83-419F-8DE9-F2361DA4A91D}.Release|ARM.Build.0 = Release|ARM
		{57C0122E-7F83-419F-8DE9-F2361DA4A91D}.Release|ARM.Deploy.0 = Release|ARM
		{57C0122E-7F83-419F-8DE9-F2361DA4A91D}.Release|iPhone.ActiveCfg = Release|x86
		{57C0122E-7F83-419F-8DE9-F2361DA4A91D}.Release|iPhoneSimulator.ActiveCfg = Release|x86
		{57C0122E-7F83-419F-8DE9-F2361DA4A91D}.Release|x64.ActiveCfg = Release|x64
		{57C0122E-7F83-419F-8DE9-F2361DA4A91D}.Release|x64.Build.0 = Release|x64
		{57C0122E-7F83-419F-8DE9-F2361DA4A91D}.Release|x64.Deploy.0 = Release|x64
		{57C0122E-7F83-419F-8DE9-F2361DA4A91D}.Release|x86.ActiveCfg = Release|x86
		{57C0122E-7F83-419F-8DE9-F2361DA4A91D}.Release|x86.Build.0 = Release|x86
		{57C0122E-7F83-419F-8DE9-F2361DA4A91D}.Release|x86.Deploy.0 = Release|x86
		{61ED532A-8451-4AEF-AB6E-824A5E9E7A2F}.Ad-Hoc|Any CPU.ActiveCfg = Release|Any CPU
		{61ED532A-8451-4AEF-AB6E-824A5E9E7A2F}.Ad-Hoc|Any CPU.Build.0 = Release|Any CPU
		{61ED532A-8451-4AEF-AB6E-824A5E9E7A2F}.Ad-Hoc|Any CPU.Deploy.0 = Release|Any CPU
		{61ED532A-8451-4AEF-AB6E-824A5E9E7A2F}.Ad-Hoc|ARM.ActiveCfg = Release|ARM
		{61ED532A-8451-4AEF-AB6E-824A5E9E7A2F}.Ad-Hoc|ARM.Build.0 = Release|ARM
		{61ED532A-8451-4AEF-AB6E-824A5E9E7A2F}.Ad-Hoc|ARM.Deploy.0 = Release|ARM
		{61ED532A-8451-4AEF-AB6E-824A5E9E7A2F}.Ad-Hoc|iPhone.ActiveCfg = Release|Any CPU
		{61ED532A-8451-4AEF-AB6E-824A5E9E7A2F}.Ad-Hoc|iPhone.Build.0 = Release|Any CPU
		{61ED532A-8451-4AEF-AB6E-824A5E9E7A2F}.Ad-Hoc|iPhone.Deploy.0 = Release|Any CPU
		{61ED532A-8451-4AEF-AB6E-824A5E9E7A2F}.Ad-Hoc|iPhoneSimulator.ActiveCfg = Release|Any CPU
		{61ED532A-8451-4AEF-AB6E-824A5E9E7A2F}.Ad-Hoc|iPhoneSimulator.Build.0 = Release|Any CPU
		{61ED532A-8451-4AEF-AB6E-824A5E9E7A2F}.Ad-Hoc|iPhoneSimulator.Deploy.0 = Release|Any CPU
		{61ED532A-8451-4AEF-AB6E-824A5E9E7A2F}.Ad-Hoc|x64.ActiveCfg = Release|x64
		{61ED532A-8451-4AEF-AB6E-824A5E9E7A2F}.Ad-Hoc|x64.Build.0 = Release|x64
		{61ED532A-8451-4AEF-AB6E-824A5E9E7A2F}.Ad-Hoc|x64.Deploy.0 = Release|x64
		{61ED532A-8451-4AEF-AB6E-824A5E9E7A2F}.Ad-Hoc|x86.ActiveCfg = Release|x86
		{61ED532A-8451-4AEF-AB6E-824A5E9E7A2F}.Ad-Hoc|x86.Build.0 = Release|x86
		{61ED532A-8451-4AEF-AB6E-824A5E9E7A2F}.Ad-Hoc|x86.Deploy.0 = Release|x86
		{61ED532A-8451-4AEF-AB6E-824A5E9E7A2F}.AppStore|Any CPU.ActiveCfg = Release|Any CPU
		{61ED532A-8451-4AEF-AB6E-824A5E9E7A2F}.AppStore|Any CPU.Build.0 = Release|Any CPU
		{61ED532A-8451-4AEF-AB6E-824A5E9E7A2F}.AppStore|Any CPU.Deploy.0 = Release|Any CPU
		{61ED532A-8451-4AEF-AB6E-824A5E9E7A2F}.AppStore|ARM.ActiveCfg = Release|ARM
		{61ED532A-8451-4AEF-AB6E-824A5E9E7A2F}.AppStore|ARM.Build.0 = Release|ARM
		{61ED532A-8451-4AEF-AB6E-824A5E9E7A2F}.AppStore|ARM.Deploy.0 = Release|ARM
		{61ED532A-8451-4AEF-AB6E-824A5E9E7A2F}.AppStore|iPhone.ActiveCfg = Release|Any CPU
		{61ED532A-8451-4AEF-AB6E-824A5E9E7A2F}.AppStore|iPhone.Build.0 = Release|Any CPU
		{61ED532A-8451-4AEF-AB6E-824A5E9E7A2F}.AppStore|iPhone.Deploy.0 = Release|Any CPU
		{61ED532A-8451-4AEF-AB6E-824A5E9E7A2F}.AppStore|iPhoneSimulator.ActiveCfg = Release|Any CPU
		{61ED532A-8451-4AEF-AB6E-824A5E9E7A2F}.AppStore|iPhoneSimulator.Build.0 = Release|Any CPU
		{61ED532A-8451-4AEF-AB6E-824A5E9E7A2F}.AppStore|iPhoneSimulator.Deploy.0 = Release|Any CPU
		{61ED532A-8451-4AEF-AB6E-824A5E9E7A2F}.AppStore|x64.ActiveCfg = Release|x64
		{61ED532A-8451-4AEF-AB6E-824A5E9E7A2F}.AppStore|x64.Build.0 = Release|x64
		{61ED532A-8451-4AEF-AB6E-824A5E9E7A2F}.AppStore|x64.Deploy.0 = Release|x64
		{61ED532A-8451-4AEF-AB6E-824A5E9E7A2F}.AppStore|x86.ActiveCfg = Release|x86
		{61ED532A-8451-4AEF-AB6E-824A5E9E7A2F}.AppStore|x86.Build.0 = Release|x86
		{61ED532A-8451-4AEF-AB6E-824A5E9E7A2F}.AppStore|x86.Deploy.0 = Release|x86
		{61ED532A-8451-4AEF-AB6E-824A5E9E7A2F}.Debug|Any CPU.ActiveCfg = Debug|Any CPU
		{61ED532A-8451-4AEF-AB6E-824A5E9E7A2F}.Debug|Any CPU.Build.0 = Debug|Any CPU
		{61ED532A-8451-4AEF-AB6E-824A5E9E7A2F}.Debug|Any CPU.Deploy.0 = Debug|Any CPU
		{61ED532A-8451-4AEF-AB6E-824A5E9E7A2F}.Debug|ARM.ActiveCfg = Debug|ARM
		{61ED532A-8451-4AEF-AB6E-824A5E9E7A2F}.Debug|ARM.Build.0 = Debug|ARM
		{61ED532A-8451-4AEF-AB6E-824A5E9E7A2F}.Debug|ARM.Deploy.0 = Debug|ARM
		{61ED532A-8451-4AEF-AB6E-824A5E9E7A2F}.Debug|iPhone.ActiveCfg = Debug|Any CPU
		{61ED532A-8451-4AEF-AB6E-824A5E9E7A2F}.Debug|iPhone.Build.0 = Debug|Any CPU
		{61ED532A-8451-4AEF-AB6E-824A5E9E7A2F}.Debug|iPhone.Deploy.0 = Debug|Any CPU
		{61ED532A-8451-4AEF-AB6E-824A5E9E7A2F}.Debug|iPhoneSimulator.ActiveCfg = Debug|Any CPU
		{61ED532A-8451-4AEF-AB6E-824A5E9E7A2F}.Debug|iPhoneSimulator.Build.0 = Debug|Any CPU
		{61ED532A-8451-4AEF-AB6E-824A5E9E7A2F}.Debug|iPhoneSimulator.Deploy.0 = Debug|Any CPU
		{61ED532A-8451-4AEF-AB6E-824A5E9E7A2F}.Debug|x64.ActiveCfg = Debug|x64
		{61ED532A-8451-4AEF-AB6E-824A5E9E7A2F}.Debug|x64.Build.0 = Debug|x64
		{61ED532A-8451-4AEF-AB6E-824A5E9E7A2F}.Debug|x64.Deploy.0 = Debug|x64
		{61ED532A-8451-4AEF-AB6E-824A5E9E7A2F}.Debug|x86.ActiveCfg = Debug|x86
		{61ED532A-8451-4AEF-AB6E-824A5E9E7A2F}.Debug|x86.Build.0 = Debug|x86
		{61ED532A-8451-4AEF-AB6E-824A5E9E7A2F}.Debug|x86.Deploy.0 = Debug|x86
		{61ED532A-8451-4AEF-AB6E-824A5E9E7A2F}.Release|Any CPU.ActiveCfg = Release|Any CPU
		{61ED532A-8451-4AEF-AB6E-824A5E9E7A2F}.Release|Any CPU.Build.0 = Release|Any CPU
		{61ED532A-8451-4AEF-AB6E-824A5E9E7A2F}.Release|Any CPU.Deploy.0 = Release|Any CPU
		{61ED532A-8451-4AEF-AB6E-824A5E9E7A2F}.Release|ARM.ActiveCfg = Release|ARM
		{61ED532A-8451-4AEF-AB6E-824A5E9E7A2F}.Release|ARM.Build.0 = Release|ARM
		{61ED532A-8451-4AEF-AB6E-824A5E9E7A2F}.Release|ARM.Deploy.0 = Release|ARM
		{61ED532A-8451-4AEF-AB6E-824A5E9E7A2F}.Release|iPhone.ActiveCfg = Release|Any CPU
		{61ED532A-8451-4AEF-AB6E-824A5E9E7A2F}.Release|iPhone.Build.0 = Release|Any CPU
		{61ED532A-8451-4AEF-AB6E-824A5E9E7A2F}.Release|iPhone.Deploy.0 = Release|Any CPU
		{61ED532A-8451-4AEF-AB6E-824A5E9E7A2F}.Release|iPhoneSimulator.ActiveCfg = Release|Any CPU
		{61ED532A-8451-4AEF-AB6E-824A5E9E7A2F}.Release|iPhoneSimulator.Build.0 = Release|Any CPU
		{61ED532A-8451-4AEF-AB6E-824A5E9E7A2F}.Release|iPhoneSimulator.Deploy.0 = Release|Any CPU
		{61ED532A-8451-4AEF-AB6E-824A5E9E7A2F}.Release|x64.ActiveCfg = Release|x64
		{61ED532A-8451-4AEF-AB6E-824A5E9E7A2F}.Release|x64.Build.0 = Release|x64
		{61ED532A-8451-4AEF-AB6E-824A5E9E7A2F}.Release|x64.Deploy.0 = Release|x64
		{61ED532A-8451-4AEF-AB6E-824A5E9E7A2F}.Release|x86.ActiveCfg = Release|x86
		{61ED532A-8451-4AEF-AB6E-824A5E9E7A2F}.Release|x86.Build.0 = Release|x86
		{61ED532A-8451-4AEF-AB6E-824A5E9E7A2F}.Release|x86.Deploy.0 = Release|x86
	EndGlobalSection
	GlobalSection(SolutionProperties) = preSolution
		HideSolutionNode = FALSE
	EndGlobalSection
EndGlobal
